
Microsoft Visual Studio Solution File, Format Version 12.00
# Visual Studio Version 16
VisualStudioVersion = 16.0.31702.278
MinimumVisualStudioVersion = 10.0.40219.1
Project("{FAE04EC0-301F-11D3-BF4B-00C04F79EFBC}") = "ModifiedCheckBox", "ModifiedCheckBox\ModifiedCheckBox.csproj", "{A33C72C4-AA28-42D5-B6D0-73154C1E4410}"
EndProject
Global
	GlobalSection(SolutionConfigurationPlatforms) = preSolution
		Debug|Any CPU = Debug|Any CPU
		Release|Any CPU = Release|Any CPU
	EndGlobalSection
	GlobalSection(ProjectConfigurationPlatforms) = postSolution
		{A33C72C4-AA28-42D5-B6D0-73154C1E4410}.Debug|Any CPU.ActiveCfg = Debug|Any CPU
		{A33C72C4-AA28-42D5-B6D0-73154C1E4410}.Debug|Any CPU.Build.0 = Debug|Any CPU
		{A33C72C4-AA28-42D5-B6D0-73154C1E4410}.Release|Any CPU.ActiveCfg = Release|Any CPU
		{A33C72C4-AA28-42D5-B6D0-73154C1E4410}.Release|Any CPU.Build.0 = Release|Any CPU
	EndGlobalSection
	GlobalSection(SolutionProperties) = preSolution
		HideSolutionNode = FALSE
	EndGlobalSection
	GlobalSection(ExtensibilityGlobals) = postSolution
		SolutionGuid = {3FB208C0-4B8E-4624-8686-3CBAA2D18F07}
	EndGlobalSection
EndGlobal
